{
  "name": "zh-panel-admin",
  "version": "0.1.2",
  "lockfileVersion": 1,
  "requires": true,
  "dependencies": {
    "alertifyjs": {
      "version": "1.13.1",
      "resolved": "https://registry.npmjs.org/alertifyjs/-/alertifyjs-1.13.1.tgz",
      "integrity": "sha512-CckZE2dZDsEEXglOXKxT00vUDV5A6udZom+bn1XHdIWlbSFZgYq7UXCBlwkShhIH3Li/1VxLmr55GOQFQ12WSg=="
    },
    "bootstrap": {
      "version": "4.5.2",
      "resolved": "https://registry.npmjs.org/bootstrap/-/bootstrap-4.5.2.tgz",
      "integrity": "sha512-vlGn0bcySYl/iV+BGA544JkkZP5LB3jsmkeKLFQakCOwCM3AOk7VkldBz4jrzSe+Z0Ezn99NVXa1o45cQY4R6A=="
    },
    "vue-snotify": {
      "version": "3.2.1",
      "resolved": "https://registry.npmjs.org/vue-snotify/-/vue-snotify-3.2.1.tgz",
      "integrity": "sha512-7kETtCAK3key/mDkz47FY/LuPzDGNwHHrYmS037JuVac2FW/9GTtoCNIrOp+SNbpMHeXFdLIDktkBK0IdPdHew=="
    }
  }
}
